{
  "name": "sloki-docker",
  "version": "1.0.0",
  "lockfileVersion": 1,
  "requires": true,
  "dependencies": {
    "@types/node": {
      "version": "10.12.27",
      "resolved": "https://registry.npmjs.org/@types/node/-/node-10.12.27.tgz",
      "integrity": "sha512-e9wgeY6gaY21on3ve0xAjgBVjGDWq/xUteK0ujsE53bUoxycMkqfnkUgMt6ffZtykZ5X12Mg3T7Pw4TRCObDKg=="
    },
    "JSONStream": {
      "version": "1.3.5",
      "resolved": "https://registry.npmjs.org/JSONStream/-/JSONStream-1.3.5.tgz",
      "integrity": "sha512-E+iruNOY8VV9s4JEbe1aNEm6MiszPRr/UfcHMz0TQh1BXSxHK+ASV1R6W4HpjBhSeS+54PIsAMCBmwD06LLsqQ==",
      "requires": {
        "jsonparse": "^1.2.0",
        "through": ">=2.2.7 <3"
      }
    },
    "async": {
      "version": "2.6.2",
      "resolved": "https://registry.npmjs.org/async/-/async-2.6.2.tgz",
      "integrity": "sha512-H1qVYh1MYhEEFLsP97cVKqCGo7KfCyTt6uEWqsTBr9SO84oK9Uwbyd/yCW+6rKJLHksBNUVWZDAjfS+Ccx0Bbg==",
      "requires": {
        "lodash": "^4.17.11"
      }
    },
    "colors": {
      "version": "1.2.1",
      "resolved": "https://registry.npmjs.org/colors/-/colors-1.2.1.tgz",
      "integrity": "sha512-s8+wktIuDSLffCywiwSxQOMqtPxML11a/dtHE17tMn4B1MSWw/C22EKf7M2KGUBcDaVFEGT+S8N02geDXeuNKg=="
    },
    "commander": {
      "version": "2.19.0",
      "resolved": "https://registry.npmjs.org/commander/-/commander-2.19.0.tgz",
      "integrity": "sha512-6tvAOO+D6OENvRAh524Dh9jcfKTYDQAqvqezbCW82xj5X0pSrcpxtvRKHLG0yBY6SD7PSDrJaj+0AiOcKVd1Xg=="
    },
    "debug": {
      "version": "4.1.1",
      "resolved": "https://registry.npmjs.org/debug/-/debug-4.1.1.tgz",
      "integrity": "sha512-pYAIzeRo8J6KPEaJ0VWOh5Pzkbw/RetuzehGM7QRRX5he4fPHx2rdKMB256ehJCkX+XRQm16eZLqLNS8RSZXZw==",
      "requires": {
        "ms": "^2.1.1"
      }
    },
    "es6-promise": {
      "version": "4.2.6",
      "resolved": "https://registry.npmjs.org/es6-promise/-/es6-promise-4.2.6.tgz",
      "integrity": "sha512-aRVgGdnmW2OiySVPUC9e6m+plolMAJKjZnQlCwNSuK5yQ0JN61DZSO1X1Ufd1foqWRAlig0rhduTCHe7sVtK5Q=="
    },
    "es6-promisify": {
      "version": "5.0.0",
      "resolved": "https://registry.npmjs.org/es6-promisify/-/es6-promisify-5.0.0.tgz",
      "integrity": "sha1-UQnWLz5W6pZ8S2NQWu8IKRyKUgM=",
      "requires": {
        "es6-promise": "^4.0.3"
      }
    },
    "evillogger": {
      "version": "1.2.2",
      "resolved": "https://registry.npmjs.org/evillogger/-/evillogger-1.2.2.tgz",
      "integrity": "sha512-6v3+hcC2LjmmD+d3m5fUDiDYKVlSx09brnkynjLeLCqOyy/qnMC86zAKhIjEzRb25HXlTUmapXcCCJNcGaXkaA==",
      "requires": {
        "colors": "1.2.1",
        "minimist": "1.2.0",
        "sprintf-js": "1.1.1"
      }
    },
    "eyes": {
      "version": "0.1.8",
      "resolved": "https://registry.npmjs.org/eyes/-/eyes-0.1.8.tgz",
      "integrity": "sha1-Ys8SAjTGg3hdkCNIqADvPgzCC8A="
    },
    "fringe": {
      "version": "1.1.1",
      "resolved": "https://registry.npmjs.org/fringe/-/fringe-1.1.1.tgz",
      "integrity": "sha512-Zs/lB0g7ABqdoae/DVvFkS9I0xTX0CQxpGA9tk2h5fwgvVkSNK0/TsxE1uWsXtVWUDVS1wIrYPPInQHxDqQl3g=="
    },
    "fs-extra": {
      "version": "7.0.1",
      "resolved": "https://registry.npmjs.org/fs-extra/-/fs-extra-7.0.1.tgz",
      "integrity": "sha512-YJDaCJZEnBmcbw13fvdAM9AwNOJwOzrE4pqMqBq5nFiEqXUqHwlK4B+3pUw6JNvfSPtX05xFHtYy/1ni01eGCw==",
      "requires": {
        "graceful-fs": "^4.1.2",
        "jsonfile": "^4.0.0",
        "universalify": "^0.1.0"
      }
    },
    "graceful-fs": {
      "version": "4.1.15",
      "resolved": "https://registry.npmjs.org/graceful-fs/-/graceful-fs-4.1.15.tgz",
      "integrity": "sha512-6uHUhOPEBgQ24HM+r6b/QwWfZq+yiFcipKFrOFiBEnWdy5sdzYoi+pJeQaPI5qOLRFqWmAXUPQNsielzdLoecA=="
    },
    "hyperid": {
      "version": "2.0.2",
      "resolved": "https://registry.npmjs.org/hyperid/-/hyperid-2.0.2.tgz",
      "integrity": "sha512-D4krJfLyXZTZZibL5CEUJzyL001ah1TOK+5wlsra9eMnb0RtMZcBRkblxVRDwzB9VIm9PKXJ4zZtAisFCKuuKQ==",
      "requires": {
        "uuid": "^3.3.2",
        "uuid-parse": "^1.0.0"
      }
    },
    "jayson": {
      "version": "2.1.2",
      "resolved": "https://registry.npmjs.org/jayson/-/jayson-2.1.2.tgz",
      "integrity": "sha512-2GejcQnEV35KYTXoBvzALIDdO/1oyEIoJHBnaJFhJhcurv0x2JqUXQW6xlDUhcNOpN9t+d2w+JGA6vOphb+5mg==",
      "requires": {
        "@types/node": "^10.3.5",
        "JSONStream": "^1.3.1",
        "commander": "^2.12.2",
        "es6-promisify": "^5.0.0",
        "eyes": "^0.1.8",
        "json-stringify-safe": "^5.0.1",
        "lodash": "^4.17.11",
        "uuid": "^3.2.1"
      }
    },
    "json-stringify-safe": {
      "version": "5.0.1",
      "resolved": "https://registry.npmjs.org/json-stringify-safe/-/json-stringify-safe-5.0.1.tgz",
      "integrity": "sha1-Epai1Y/UXxmg9s4B1lcB4sc1tus="
    },
    "jsonfile": {
      "version": "4.0.0",
      "resolved": "https://registry.npmjs.org/jsonfile/-/jsonfile-4.0.0.tgz",
      "integrity": "sha1-h3Gq4HmbZAdrdmQPygWPnBDjPss=",
      "requires": {
        "graceful-fs": "^4.1.6"
      }
    },
    "jsonparse": {
      "version": "1.3.1",
      "resolved": "https://registry.npmjs.org/jsonparse/-/jsonparse-1.3.1.tgz",
      "integrity": "sha1-P02uSpH6wxX3EGL4UhzCOfE2YoA="
    },
    "klaw-sync": {
      "version": "6.0.0",
      "resolved": "https://registry.npmjs.org/klaw-sync/-/klaw-sync-6.0.0.tgz",
      "integrity": "sha512-nIeuVSzdCCs6TDPTqI8w1Yre34sSq7AkZ4B3sfOBbI2CgVSB4Du4aLQijFU2+lhAFCwt9+42Hel6lQNIv6AntQ==",
      "requires": {
        "graceful-fs": "^4.1.11"
      }
    },
    "lodash": {
      "version": "4.17.11",
      "resolved": "https://registry.npmjs.org/lodash/-/lodash-4.17.11.tgz",
      "integrity": "sha512-cQKh8igo5QUhZ7lg38DYWAxMvjSAKG0A8wGSVimP07SIUEK2UO+arSRKbRZWtelMtN5V0Hkwh5ryOto/SshYIg=="
    },
    "lokijs": {
      "version": "github:franck34/LokiJS#cc0f5cff17d335001e9b06589727f6dc877bad16",
      "from": "github:franck34/LokiJS"
    },
    "minimist": {
      "version": "1.2.0",
      "resolved": "https://registry.npmjs.org/minimist/-/minimist-1.2.0.tgz",
      "integrity": "sha1-o1AIsg9BOD7sH7kU9M1d95omQoQ="
    },
    "missive": {
      "version": "3.0.1",
      "resolved": "https://registry.npmjs.org/missive/-/missive-3.0.1.tgz",
      "integrity": "sha512-/0hJ7J2bXYLh+6nklX64jRL5mDRGk03teytI96qjcUvCS7sGgcVpiIr5DoozUC+EBLOlkWezehrRbrKrSJ3Yxg==",
      "requires": {
        "fringe": "1.1.1"
      }
    },
    "ms": {
      "version": "2.1.1",
      "resolved": "https://registry.npmjs.org/ms/-/ms-2.1.1.tgz",
      "integrity": "sha512-tgp+dl5cGk28utYktBsrFqA7HKgrhgPsg6Z/EfhWI4gl1Hwq8B/GmY/0oXZ6nF8hDVesS/FpnYaD/kOWhYQvyg=="
    },
    "node-forge": {
      "version": "0.7.5",
      "resolved": "https://registry.npmjs.org/node-forge/-/node-forge-0.7.5.tgz",
      "integrity": "sha512-MmbQJ2MTESTjt3Gi/3yG1wGpIMhUfcIypUCGtTizFR9IiccFwxSpfp0vtIZlkFclEqERemxfnSdZEMR9VqqEFQ=="
    },
    "pretty-bytes": {
      "version": "5.1.0",
      "resolved": "https://registry.npmjs.org/pretty-bytes/-/pretty-bytes-5.1.0.tgz",
      "integrity": "sha512-wa5+qGVg9Yt7PB6rYm3kXlKzgzgivYTLRandezh43jjRqgyDyP+9YxfJpJiLs9yKD1WeU8/OvtToWpW7255FtA=="
    },
    "selfsigned": {
      "version": "1.10.4",
      "resolved": "https://registry.npmjs.org/selfsigned/-/selfsigned-1.10.4.tgz",
      "integrity": "sha512-9AukTiDmHXGXWtWjembZ5NDmVvP2695EtpgbCsxCa68w3c88B+alqbmZ4O3hZ4VWGXeGWzEVdvqgAJD8DQPCDw==",
      "requires": {
        "node-forge": "0.7.5"
      }
    },
    "sloki": {
      "version": "github:sloki-project/sloki#c73075089f473da29b6ca03ff2750bdc7815e7de",
      "from": "github:sloki-project/sloki",
      "requires": {
        "async": "2.6.2",
        "evillogger": "1.2.2",
        "fs-extra": "7.0.1",
        "jayson": "2.1.2",
        "klaw-sync": "6.0.0",
        "lokijs": "github:franck34/LokiJS",
        "missive": "3.0.1",
        "pretty-bytes": "5.1.0",
        "selfsigned": "1.10.4",
        "sloki-node-client": "github:sloki-project/sloki-node-client"
      }
    },
    "sloki-node-client": {
      "version": "github:sloki-project/sloki-node-client#af938f6ba9631b74467d77ec325388c6d0b1feef",
      "from": "github:sloki-project/sloki-node-client",
      "requires": {
        "JSONStream": "1.3.5",
        "async": "2.6.1",
        "debug": "4.1.1",
        "hyperid": "2.0.2",
        "missive": "3.0.1"
      },
      "dependencies": {
        "async": {
          "version": "2.6.1",
          "resolved": "https://registry.npmjs.org/async/-/async-2.6.1.tgz",
          "integrity": "sha512-fNEiL2+AZt6AlAw/29Cr0UDe4sRAHCpEHh54WMz+Bb7QfNcFw4h3loofyJpLeQs4Yx7yuqu/2dLgM5hKOs6HlQ==",
          "requires": {
            "lodash": "^4.17.10"
          }
        }
      }
    },
    "sprintf-js": {
      "version": "1.1.1",
      "resolved": "https://registry.npmjs.org/sprintf-js/-/sprintf-js-1.1.1.tgz",
      "integrity": "sha1-Nr54Mgr+WAH2zqPueLblqrlA6gw="
    },
    "through": {
      "version": "2.3.8",
      "resolved": "https://registry.npmjs.org/through/-/through-2.3.8.tgz",
      "integrity": "sha1-DdTJ/6q8NXlgsbckEV1+Doai4fU="
    },
    "universalify": {
      "version": "0.1.2",
      "resolved": "https://registry.npmjs.org/universalify/-/universalify-0.1.2.tgz",
      "integrity": "sha512-rBJeI5CXAlmy1pV+617WB9J63U6XcazHHF2f2dbJix4XzpUF0RS3Zbj0FGIOCAva5P/d/GBOYaACQ1w+0azUkg=="
    },
    "uuid": {
      "version": "3.3.2",
      "resolved": "https://registry.npmjs.org/uuid/-/uuid-3.3.2.tgz",
      "integrity": "sha512-yXJmeNaw3DnnKAOKJE51sL/ZaYfWJRl1pK9dr19YFCu0ObS231AB1/LbqTKRAQ5kw8A90rA6fr4riOUpTZvQZA=="
    },
    "uuid-parse": {
      "version": "1.0.0",
      "resolved": "https://registry.npmjs.org/uuid-parse/-/uuid-parse-1.0.0.tgz",
      "integrity": "sha1-9GV3F2JLDkuIrzb5jYlYmlu+5Wk="
    }
  }
}
